{
  "requires": true,
  "lockfileVersion": 1,
  "dependencies": {
    "a11y-dialog": {
      "version": "4.0.1",
      "resolved": "https://registry.npmjs.org/a11y-dialog/-/a11y-dialog-4.0.1.tgz",
      "integrity": "sha512-JsYMIaoZt7nZM1oDbxLBijyl09uZa91+UdPF+P9YadmmdtaVYx44v131UcqAhN48jNp8/BGV/80uMsBacPo2gg=="
    }
  }
}
